
Microsoft Visual Studio Solution File, Format Version 12.00
# Visual Studio Version 17
VisualStudioVersion = 17.9.34616.47
MinimumVisualStudioVersion = 10.0.40219.1
Project("{2150E333-8FDC-42A3-9474-1A3956D46DE8}") = "Adapters", "Adapters", "{90CF196C-B249-487A-B806-69810D31C319}"
EndProject
Project("{2150E333-8FDC-42A3-9474-1A3956D46DE8}") = "Web", "Web", "{7879A6DB-D310-4FD7-A051-29340B6A48BE}"
EndProject
Project("{2150E333-8FDC-42A3-9474-1A3956D46DE8}") = "Stream", "Stream", "{84F6EEB5-B424-4E40-89FE-931A8818FAB5}"
EndProject
Project("{2150E333-8FDC-42A3-9474-1A3956D46DE8}") = "Core", "Core", "{5D32653B-8639-46AC-93E6-DC1139CCA2B0}"
EndProject
Project("{2150E333-8FDC-42A3-9474-1A3956D46DE8}") = "Tests", "Tests", "{53DDB505-89B7-4DCB-9BC6-4D7B7952A0C6}"
EndProject
Project("{2150E333-8FDC-42A3-9474-1A3956D46DE8}") = "Services", "Services", "{5BA9CE22-CE5C-4DB3-856D-63A49A3F5C31}"
EndProject
Project("{2150E333-8FDC-42A3-9474-1A3956D46DE8}") = "_Solution Items", "_Solution Items", "{EF4AE8D3-AA1B-4D72-9F30-4A60FC9DA98E}"
	ProjectSection(SolutionItems) = preProject
		NuGet.config = NuGet.config
		README.md = README.md
	EndProjectSection
EndProject
Project("{2150E333-8FDC-42A3-9474-1A3956D46DE8}") = "ReadmeFiles", "ReadmeFiles", "{D88B5AB0-5780-4398-807B-7A16CAE7EC69}"
	ProjectSection(SolutionItems) = preProject
		ReadmeFiles\GitFlow.png = ReadmeFiles\GitFlow.png
		ReadmeFiles\HexagonalArchitecture.png = ReadmeFiles\HexagonalArchitecture.png
		ReadmeFiles\SolutionOverview.png = ReadmeFiles\SolutionOverview.png
	EndProjectSection
EndProject
Project("{2150E333-8FDC-42A3-9474-1A3956D46DE8}") = "Pipelines", "Pipelines", "{852F1CA1-FC00-4EAB-A67F-8C77C90484BE}"
	ProjectSection(SolutionItems) = preProject
		.github\workflows\main_smartticket-dev.yml = .github\workflows\main_smartticket-dev.yml
	EndProjectSection
EndProject
Project("{9A19103F-16F7-4668-BE54-9A1E7A4F7556}") = "AutoMais.Ticket.Core.Application", "src\Core\Core.Application\AutoMais.Ticket.Core.Application.csproj", "{A2B26219-05FA-47FC-82AA-FF52C460E2A6}"
EndProject
Project("{9A19103F-16F7-4668-BE54-9A1E7A4F7556}") = "AutoMais.Ticket.Core.Domain", "src\Core\Core.Domain\AutoMais.Ticket.Core.Domain.csproj", "{5DAA1CF1-5515-49A4-9F14-00A2E7C15F89}"
EndProject
Project("{9A19103F-16F7-4668-BE54-9A1E7A4F7556}") = "AutoMais.Ticket.Api", "src\Adapters\Web\API\AutoMais.Ticket.Api.csproj", "{6D431F52-4746-488C-AD10-7B5BEAF7BC11}"
EndProject
Project("{2150E333-8FDC-42A3-9474-1A3956D46DE8}") = "States", "States", "{FAD9F3B8-8854-4F0B-82C5-421F92D44E23}"
EndProject
Project("{2150E333-8FDC-42A3-9474-1A3956D46DE8}") = "Pumps", "Pumps", "{E4E7960A-190E-4A3E-B33A-033CB3D943C4}"
EndProject
Project("{9A19103F-16F7-4668-BE54-9A1E7A4F7556}") = "AutoMais.Ticket.States.Mongo", "src\Adapters\States\States.Mongo\AutoMais.Ticket.States.Mongo.csproj", "{E6181675-6B1C-4D34-9107-99906C4E0D9D}"
EndProject
Project("{9A19103F-16F7-4668-BE54-9A1E7A4F7556}") = "AutoMais.Services.Vehicles.APIPlacas", "src\Adapters\Services\APIPlacas\src\AutoMais.Services.Vehicles.APIPlacas.csproj", "{68CEF6B9-0A96-4ECE-A422-8C861ED3736C}"
EndProject
Project("{9A19103F-16F7-4668-BE54-9A1E7A4F7556}") = "AutoMais.Core.Common", "src\Core\AutoMais.Core.Common\src\AutoMais.Core.Common.csproj", "{11345BBD-CC21-4A2F-B0A2-B013A68EB284}"
EndProject
Global
	GlobalSection(SolutionConfigurationPlatforms) = preSolution
		Debug|Any CPU = Debug|Any CPU
		Release|Any CPU = Release|Any CPU
	EndGlobalSection
	GlobalSection(ProjectConfigurationPlatforms) = postSolution
		{A2B26219-05FA-47FC-82AA-FF52C460E2A6}.Debug|Any CPU.ActiveCfg = Debug|Any CPU
		{A2B26219-05FA-47FC-82AA-FF52C460E2A6}.Debug|Any CPU.Build.0 = Debug|Any CPU
		{A2B26219-05FA-47FC-82AA-FF52C460E2A6}.Release|Any CPU.ActiveCfg = Release|Any CPU
		{A2B26219-05FA-47FC-82AA-FF52C460E2A6}.Release|Any CPU.Build.0 = Release|Any CPU
		{5DAA1CF1-5515-49A4-9F14-00A2E7C15F89}.Debug|Any CPU.ActiveCfg = Debug|Any CPU
		{5DAA1CF1-5515-49A4-9F14-00A2E7C15F89}.Debug|Any CPU.Build.0 = Debug|Any CPU
		{5DAA1CF1-5515-49A4-9F14-00A2E7C15F89}.Release|Any CPU.ActiveCfg = Release|Any CPU
		{5DAA1CF1-5515-49A4-9F14-00A2E7C15F89}.Release|Any CPU.Build.0 = Release|Any CPU
		{6D431F52-4746-488C-AD10-7B5BEAF7BC11}.Debug|Any CPU.ActiveCfg = Debug|Any CPU
		{6D431F52-4746-488C-AD10-7B5BEAF7BC11}.Debug|Any CPU.Build.0 = Debug|Any CPU
		{6D431F52-4746-488C-AD10-7B5BEAF7BC11}.Release|Any CPU.ActiveCfg = Release|Any CPU
		{6D431F52-4746-488C-AD10-7B5BEAF7BC11}.Release|Any CPU.Build.0 = Release|Any CPU
		{E6181675-6B1C-4D34-9107-99906C4E0D9D}.Debug|Any CPU.ActiveCfg = Debug|Any CPU
		{E6181675-6B1C-4D34-9107-99906C4E0D9D}.Debug|Any CPU.Build.0 = Debug|Any CPU
		{E6181675-6B1C-4D34-9107-99906C4E0D9D}.Release|Any CPU.ActiveCfg = Release|Any CPU
		{E6181675-6B1C-4D34-9107-99906C4E0D9D}.Release|Any CPU.Build.0 = Release|Any CPU
		{68CEF6B9-0A96-4ECE-A422-8C861ED3736C}.Debug|Any CPU.ActiveCfg = Debug|Any CPU
		{68CEF6B9-0A96-4ECE-A422-8C861ED3736C}.Debug|Any CPU.Build.0 = Debug|Any CPU
		{68CEF6B9-0A96-4ECE-A422-8C861ED3736C}.Release|Any CPU.ActiveCfg = Release|Any CPU
		{68CEF6B9-0A96-4ECE-A422-8C861ED3736C}.Release|Any CPU.Build.0 = Release|Any CPU
		{11345BBD-CC21-4A2F-B0A2-B013A68EB284}.Debug|Any CPU.ActiveCfg = Debug|Any CPU
		{11345BBD-CC21-4A2F-B0A2-B013A68EB284}.Debug|Any CPU.Build.0 = Debug|Any CPU
		{11345BBD-CC21-4A2F-B0A2-B013A68EB284}.Release|Any CPU.ActiveCfg = Release|Any CPU
		{11345BBD-CC21-4A2F-B0A2-B013A68EB284}.Release|Any CPU.Build.0 = Release|Any CPU
	EndGlobalSection
	GlobalSection(SolutionProperties) = preSolution
		HideSolutionNode = FALSE
	EndGlobalSection
	GlobalSection(NestedProjects) = preSolution
		{7879A6DB-D310-4FD7-A051-29340B6A48BE} = {90CF196C-B249-487A-B806-69810D31C319}
		{84F6EEB5-B424-4E40-89FE-931A8818FAB5} = {90CF196C-B249-487A-B806-69810D31C319}
		{5BA9CE22-CE5C-4DB3-856D-63A49A3F5C31} = {90CF196C-B249-487A-B806-69810D31C319}
		{D88B5AB0-5780-4398-807B-7A16CAE7EC69} = {EF4AE8D3-AA1B-4D72-9F30-4A60FC9DA98E}
		{852F1CA1-FC00-4EAB-A67F-8C77C90484BE} = {EF4AE8D3-AA1B-4D72-9F30-4A60FC9DA98E}
		{A2B26219-05FA-47FC-82AA-FF52C460E2A6} = {5D32653B-8639-46AC-93E6-DC1139CCA2B0}
		{5DAA1CF1-5515-49A4-9F14-00A2E7C15F89} = {5D32653B-8639-46AC-93E6-DC1139CCA2B0}
		{6D431F52-4746-488C-AD10-7B5BEAF7BC11} = {7879A6DB-D310-4FD7-A051-29340B6A48BE}
		{FAD9F3B8-8854-4F0B-82C5-421F92D44E23} = {90CF196C-B249-487A-B806-69810D31C319}
		{E4E7960A-190E-4A3E-B33A-033CB3D943C4} = {90CF196C-B249-487A-B806-69810D31C319}
		{E6181675-6B1C-4D34-9107-99906C4E0D9D} = {FAD9F3B8-8854-4F0B-82C5-421F92D44E23}
		{68CEF6B9-0A96-4ECE-A422-8C861ED3736C} = {5BA9CE22-CE5C-4DB3-856D-63A49A3F5C31}
		{11345BBD-CC21-4A2F-B0A2-B013A68EB284} = {5D32653B-8639-46AC-93E6-DC1139CCA2B0}
	EndGlobalSection
	GlobalSection(ExtensibilityGlobals) = postSolution
		SolutionGuid = {FE04B0CA-C745-4EB6-8B3B-583BD6822054}
	EndGlobalSection
EndGlobal
